
Microsoft Visual Studio Solution File, Format Version 12.00
# Visual Studio Version 17
VisualStudioVersion = 17.7.34024.191
MinimumVisualStudioVersion = 10.0.40219.1
Project("{9A19103F-16F7-4668-BE54-9A1E7A4F7556}") = "Lecture7FactoryMethod", "Lecture7FactoryMethod\Lecture7FactoryMethod.csproj", "{07A66422-55A2-4820-8798-22C698088B7F}"
EndProject
Project("{9A19103F-16F7-4668-BE54-9A1E7A4F7556}") = "Lecture7AbstractFactory", "Lecture7AbstractFactory\Lecture7AbstractFactory.csproj", "{5DA5A5A3-A713-48AE-8260-C27BA01DC779}"
EndProject
Project("{FAE04EC0-301F-11D3-BF4B-00C04F79EFBC}") = "Lecture7Builder", "Lecture7Builder\Lecture7Builder.csproj", "{8A85D6A5-FF3B-454C-80E3-E07EF9E4094C}"
EndProject
Global
	GlobalSection(SolutionConfigurationPlatforms) = preSolution
		Debug|Any CPU = Debug|Any CPU
		Release|Any CPU = Release|Any CPU
	EndGlobalSection
	GlobalSection(ProjectConfigurationPlatforms) = postSolution
		{07A66422-55A2-4820-8798-22C698088B7F}.Debug|Any CPU.ActiveCfg = Debug|Any CPU
		{07A66422-55A2-4820-8798-22C698088B7F}.Debug|Any CPU.Build.0 = Debug|Any CPU
		{07A66422-55A2-4820-8798-22C698088B7F}.Release|Any CPU.ActiveCfg = Release|Any CPU
		{07A66422-55A2-4820-8798-22C698088B7F}.Release|Any CPU.Build.0 = Release|Any CPU
		{5DA5A5A3-A713-48AE-8260-C27BA01DC779}.Debug|Any CPU.ActiveCfg = Debug|Any CPU
		{5DA5A5A3-A713-48AE-8260-C27BA01DC779}.Debug|Any CPU.Build.0 = Debug|Any CPU
		{5DA5A5A3-A713-48AE-8260-C27BA01DC779}.Release|Any CPU.ActiveCfg = Release|Any CPU
		{5DA5A5A3-A713-48AE-8260-C27BA01DC779}.Release|Any CPU.Build.0 = Release|Any CPU
		{8A85D6A5-FF3B-454C-80E3-E07EF9E4094C}.Debug|Any CPU.ActiveCfg = Debug|Any CPU
		{8A85D6A5-FF3B-454C-80E3-E07EF9E4094C}.Debug|Any CPU.Build.0 = Debug|Any CPU
		{8A85D6A5-FF3B-454C-80E3-E07EF9E4094C}.Release|Any CPU.ActiveCfg = Release|Any CPU
		{8A85D6A5-FF3B-454C-80E3-E07EF9E4094C}.Release|Any CPU.Build.0 = Release|Any CPU
	EndGlobalSection
	GlobalSection(SolutionProperties) = preSolution
		HideSolutionNode = FALSE
	EndGlobalSection
	GlobalSection(ExtensibilityGlobals) = postSolution
		SolutionGuid = {188C1DDC-5472-4215-B2FA-84FF8828E6FC}
	EndGlobalSection
EndGlobal
